
Microsoft Visual Studio Solution File, Format Version 12.00
# Visual Studio Version 17
VisualStudioVersion = 17.4.33213.308
MinimumVisualStudioVersion = 10.0.40219.1
Project("{FAE04EC0-301F-11D3-BF4B-00C04F79EFBC}") = "H3WebYaz", "H3WebYaz\H3WebYaz.csproj", "{108274FA-6E9C-40A0-921E-F66849F89456}"
EndProject
Global
	GlobalSection(SolutionConfigurationPlatforms) = preSolution
		Debug|Any CPU = Debug|Any CPU
		Release|Any CPU = Release|Any CPU
	EndGlobalSection
	GlobalSection(ProjectConfigurationPlatforms) = postSolution
		{108274FA-6E9C-40A0-921E-F66849F89456}.Debug|Any CPU.ActiveCfg = Debug|Any CPU
		{108274FA-6E9C-40A0-921E-F66849F89456}.Debug|Any CPU.Build.0 = Debug|Any CPU
		{108274FA-6E9C-40A0-921E-F66849F89456}.Release|Any CPU.ActiveCfg = Release|Any CPU
		{108274FA-6E9C-40A0-921E-F66849F89456}.Release|Any CPU.Build.0 = Release|Any CPU
	EndGlobalSection
	GlobalSection(SolutionProperties) = preSolution
		HideSolutionNode = FALSE
	EndGlobalSection
	GlobalSection(ExtensibilityGlobals) = postSolution
		SolutionGuid = {231FD5FA-5612-45FC-8E15-14210E243E35}
	EndGlobalSection
EndGlobal
